
Microsoft Visual Studio Solution File, Format Version 12.00
# Visual Studio Version 17
VisualStudioVersion = 17.5.33502.453
MinimumVisualStudioVersion = 10.0.40219.1
Project("{F184B08F-C81C-45F6-A57F-5ABD9991F28F}") = "WinFormsApp9", "WinFormsApp9\WinFormsApp9.vbproj", "{C87E5C34-75F5-4363-A32E-FE1BA84904E9}"
EndProject
Global
	GlobalSection(SolutionConfigurationPlatforms) = preSolution
		Debug|Any CPU = Debug|Any CPU
		Release|Any CPU = Release|Any CPU
	EndGlobalSection
	GlobalSection(ProjectConfigurationPlatforms) = postSolution
		{C87E5C34-75F5-4363-A32E-FE1BA84904E9}.Debug|Any CPU.ActiveCfg = Debug|Any CPU
		{C87E5C34-75F5-4363-A32E-FE1BA84904E9}.Debug|Any CPU.Build.0 = Debug|Any CPU
		{C87E5C34-75F5-4363-A32E-FE1BA84904E9}.Release|Any CPU.ActiveCfg = Release|Any CPU
		{C87E5C34-75F5-4363-A32E-FE1BA84904E9}.Release|Any CPU.Build.0 = Release|Any CPU
	EndGlobalSection
	GlobalSection(SolutionProperties) = preSolution
		HideSolutionNode = FALSE
	EndGlobalSection
	GlobalSection(ExtensibilityGlobals) = postSolution
		SolutionGuid = {ABD579C1-C4CA-40CB-B3A2-6CF9DB3A39E0}
	EndGlobalSection
EndGlobal
